
Microsoft Visual Studio Solution File, Format Version 12.00
# Visual Studio Version 16
VisualStudioVersion = 16.0.31424.327
MinimumVisualStudioVersion = 10.0.40219.1
Project("{9A19103F-16F7-4668-BE54-9A1E7A4F7556}") = "LoggingWithSerilog", "LoggingWithSerilog\LoggingWithSerilog.csproj", "{C9C651C4-226C-44E3-947A-84ED14EAAD33}"
EndProject
Project("{9A19103F-16F7-4668-BE54-9A1E7A4F7556}") = "SerilogLoggerConsole", "SerilogLoggerConsole\SerilogLoggerConsole.csproj", "{E4AAE2E9-FC3B-45B8-A6CE-ED40D07CF1FA}"
EndProject
Project("{FAE04EC0-301F-11D3-BF4B-00C04F79EFBC}") = "WebApiApplication", "WebApiApplication\WebApiApplication.csproj", "{8CCA4AB3-6350-42B3-9179-E1DF4F6C6792}"
EndProject
Global
	GlobalSection(SolutionConfigurationPlatforms) = preSolution
		Debug|Any CPU = Debug|Any CPU
		Release|Any CPU = Release|Any CPU
	EndGlobalSection
	GlobalSection(ProjectConfigurationPlatforms) = postSolution
		{C9C651C4-226C-44E3-947A-84ED14EAAD33}.Debug|Any CPU.ActiveCfg = Debug|Any CPU
		{C9C651C4-226C-44E3-947A-84ED14EAAD33}.Debug|Any CPU.Build.0 = Debug|Any CPU
		{C9C651C4-226C-44E3-947A-84ED14EAAD33}.Release|Any CPU.ActiveCfg = Release|Any CPU
		{C9C651C4-226C-44E3-947A-84ED14EAAD33}.Release|Any CPU.Build.0 = Release|Any CPU
		{E4AAE2E9-FC3B-45B8-A6CE-ED40D07CF1FA}.Debug|Any CPU.ActiveCfg = Debug|Any CPU
		{E4AAE2E9-FC3B-45B8-A6CE-ED40D07CF1FA}.Debug|Any CPU.Build.0 = Debug|Any CPU
		{E4AAE2E9-FC3B-45B8-A6CE-ED40D07CF1FA}.Release|Any CPU.ActiveCfg = Release|Any CPU
		{E4AAE2E9-FC3B-45B8-A6CE-ED40D07CF1FA}.Release|Any CPU.Build.0 = Release|Any CPU
		{8CCA4AB3-6350-42B3-9179-E1DF4F6C6792}.Debug|Any CPU.ActiveCfg = Debug|Any CPU
		{8CCA4AB3-6350-42B3-9179-E1DF4F6C6792}.Debug|Any CPU.Build.0 = Debug|Any CPU
		{8CCA4AB3-6350-42B3-9179-E1DF4F6C6792}.Release|Any CPU.ActiveCfg = Release|Any CPU
		{8CCA4AB3-6350-42B3-9179-E1DF4F6C6792}.Release|Any CPU.Build.0 = Release|Any CPU
	EndGlobalSection
	GlobalSection(SolutionProperties) = preSolution
		HideSolutionNode = FALSE
	EndGlobalSection
	GlobalSection(ExtensibilityGlobals) = postSolution
		SolutionGuid = {E558AF46-0CA3-441D-9FF6-207B22F0306F}
	EndGlobalSection
EndGlobal
